
Microsoft Visual Studio Solution File, Format Version 12.00
# Visual Studio Version 17
VisualStudioVersion = 17.14.36511.14 d17.14
MinimumVisualStudioVersion = 10.0.40219.1
Project("{FAE04EC0-301F-11D3-BF4B-00C04F79EFBC}") = "EmployeeWebAPI", "EmployeeWebAPI\EmployeeWebAPI.csproj", "{BB91957C-DD7D-4781-92D3-FF19AF3F7510}"
EndProject
Global
	GlobalSection(SolutionConfigurationPlatforms) = preSolution
		Debug|Any CPU = Debug|Any CPU
		Release|Any CPU = Release|Any CPU
	EndGlobalSection
	GlobalSection(ProjectConfigurationPlatforms) = postSolution
		{BB91957C-DD7D-4781-92D3-FF19AF3F7510}.Debug|Any CPU.ActiveCfg = Debug|Any CPU
		{BB91957C-DD7D-4781-92D3-FF19AF3F7510}.Debug|Any CPU.Build.0 = Debug|Any CPU
		{BB91957C-DD7D-4781-92D3-FF19AF3F7510}.Release|Any CPU.ActiveCfg = Release|Any CPU
		{BB91957C-DD7D-4781-92D3-FF19AF3F7510}.Release|Any CPU.Build.0 = Release|Any CPU
	EndGlobalSection
	GlobalSection(SolutionProperties) = preSolution
		HideSolutionNode = FALSE
	EndGlobalSection
	GlobalSection(ExtensibilityGlobals) = postSolution
		SolutionGuid = {367590EC-2A78-44D1-B444-DFC78C91CF17}
	EndGlobalSection
EndGlobal
